// !$*UTF8*$!
{
	archiveVersion = 1;
	classes = {
	};
	objectVersion = 51;
	objects = {

/* Begin PBXBuildFile section */
		1C00AB535041E55F182B02B3 /* Pods_MindValleyTests.framework in Frameworks */ = {isa = PBXBuildFile; fileRef = 3FFBA34EF84087FC707839E7 /* Pods_MindValleyTests.framework */; };
		76AAA898063901C9FB053137 /* Pods_MindValley.framework in Frameworks */ = {isa = PBXBuildFile; fileRef = 300EE61D912DF1FCE28D62D5 /* Pods_MindValley.framework */; };
		A6621E10243F02F900BF393B /* AppDelegate.swift in Sources */ = {isa = PBXBuildFile; fileRef = A6621E0F243F02F900BF393B /* AppDelegate.swift */; };
		A6621E1C243F02FD00BF393B /* LaunchScreen.storyboard in Resources */ = {isa = PBXBuildFile; fileRef = A6621E1A243F02FD00BF393B /* LaunchScreen.storyboard */; };
		A6621E27243F02FD00BF393B /* MindValleyTests.swift in Sources */ = {isa = PBXBuildFile; fileRef = A6621E26243F02FD00BF393B /* MindValleyTests.swift */; };
		A6621E66243F079F00BF393B /* Assets.xcassets in Resources */ = {isa = PBXBuildFile; fileRef = A6621E3A243F079F00BF393B /* Assets.xcassets */; };
		A6621E67243F079F00BF393B /* APIConfiguration.plist in Resources */ = {isa = PBXBuildFile; fileRef = A6621E3B243F079F00BF393B /* APIConfiguration.plist */; };
		A6621E68243F079F00BF393B /* NetworkClient.swift in Sources */ = {isa = PBXBuildFile; fileRef = A6621E3F243F079F00BF393B /* NetworkClient.swift */; };
		A6621E69243F079F00BF393B /* APIEndpoint.swift in Sources */ = {isa = PBXBuildFile; fileRef = A6621E40243F079F00BF393B /* APIEndpoint.swift */; };
		A6621E6B243F079F00BF393B /* NetworkError.swift in Sources */ = {isa = PBXBuildFile; fileRef = A6621E43243F079F00BF393B /* NetworkError.swift */; };
		A6621E6C243F079F00BF393B /* NetworkConfiguration.swift in Sources */ = {isa = PBXBuildFile; fileRef = A6621E44243F079F00BF393B /* NetworkConfiguration.swift */; };
		A6621E6D243F079F00BF393B /* UIViewController+Ext.swift in Sources */ = {isa = PBXBuildFile; fileRef = A6621E46243F079F00BF393B /* UIViewController+Ext.swift */; };
		A6621E71243F079F00BF393B /* PresenterInterface.swift in Sources */ = {isa = PBXBuildFile; fileRef = A6621E4D243F079F00BF393B /* PresenterInterface.swift */; };
		A6621E72243F079F00BF393B /* BaseViewController.swift in Sources */ = {isa = PBXBuildFile; fileRef = A6621E4F243F079F00BF393B /* BaseViewController.swift */; };
		A6621E73243F079F00BF393B /* ViewInterface.swift in Sources */ = {isa = PBXBuildFile; fileRef = A6621E50243F079F00BF393B /* ViewInterface.swift */; };
		A6621E74243F079F00BF393B /* NavigationController.swift in Sources */ = {isa = PBXBuildFile; fileRef = A6621E51243F079F00BF393B /* NavigationController.swift */; };
		A6621E75243F079F00BF393B /* NavigationRouter.swift in Sources */ = {isa = PBXBuildFile; fileRef = A6621E53243F079F00BF393B /* NavigationRouter.swift */; };
		A6621E76243F079F00BF393B /* RouterInterfaces.swift in Sources */ = {isa = PBXBuildFile; fileRef = A6621E54243F079F00BF393B /* RouterInterfaces.swift */; };
		A6621E77243F079F00BF393B /* ViewRouter.swift in Sources */ = {isa = PBXBuildFile; fileRef = A6621E55243F079F00BF393B /* ViewRouter.swift */; };
		A6621E78243F079F00BF393B /* Logger.swift in Sources */ = {isa = PBXBuildFile; fileRef = A6621E57243F079F00BF393B /* Logger.swift */; };
		A6621E79243F079F00BF393B /* NameDescribable.swift in Sources */ = {isa = PBXBuildFile; fileRef = A6621E58243F079F00BF393B /* NameDescribable.swift */; };
		A6621E81243F08AB00BF393B /* Reachablility.swift in Sources */ = {isa = PBXBuildFile; fileRef = A6621E80243F08AB00BF393B /* Reachablility.swift */; };
		A6621E87243F269D00BF393B /* Category.swift in Sources */ = {isa = PBXBuildFile; fileRef = A6621E86243F269D00BF393B /* Category.swift */; };
		A6621E89243F274000BF393B /* Channel.swift in Sources */ = {isa = PBXBuildFile; fileRef = A6621E88243F274000BF393B /* Channel.swift */; };
		A6621E8B243F275000BF393B /* Media.swift in Sources */ = {isa = PBXBuildFile; fileRef = A6621E8A243F275000BF393B /* Media.swift */; };
		A6621E8D243F2C0B00BF393B /* Asset.swift in Sources */ = {isa = PBXBuildFile; fileRef = A6621E8C243F2C0B00BF393B /* Asset.swift */; };
		A6621E8F243F2C7D00BF393B /* Series.swift in Sources */ = {isa = PBXBuildFile; fileRef = A6621E8E243F2C7D00BF393B /* Series.swift */; };
		A6621E93243F2F6500BF393B /* ChannelsAPI.swift in Sources */ = {isa = PBXBuildFile; fileRef = A6621E92243F2F6500BF393B /* ChannelsAPI.swift */; };
		A6621E9A243F318900BF393B /* Roboto-Light.ttf in Resources */ = {isa = PBXBuildFile; fileRef = A6621E95243F318900BF393B /* Roboto-Light.ttf */; };
		A6621E9B243F318900BF393B /* Roboto-Black.ttf in Resources */ = {isa = PBXBuildFile; fileRef = A6621E96243F318900BF393B /* Roboto-Black.ttf */; };
		A6621E9C243F318900BF393B /* Roboto-Medium.ttf in Resources */ = {isa = PBXBuildFile; fileRef = A6621E97243F318900BF393B /* Roboto-Medium.ttf */; };
		A6621E9D243F318900BF393B /* Roboto-Regular.ttf in Resources */ = {isa = PBXBuildFile; fileRef = A6621E98243F318900BF393B /* Roboto-Regular.ttf */; };
		A6621E9E243F318900BF393B /* Roboto-Bold.ttf in Resources */ = {isa = PBXBuildFile; fileRef = A6621E99243F318900BF393B /* Roboto-Bold.ttf */; };
		A6621EA6243F324800BF393B /* ChannelsInterfaces.swift in Sources */ = {isa = PBXBuildFile; fileRef = A6621EA0243F324800BF393B /* ChannelsInterfaces.swift */; };
		A6621EA7243F324800BF393B /* ChannelsPresenter.swift in Sources */ = {isa = PBXBuildFile; fileRef = A6621EA1243F324800BF393B /* ChannelsPresenter.swift */; };
		A6621EA8243F324800BF393B /* ChannelsRouter.swift in Sources */ = {isa = PBXBuildFile; fileRef = A6621EA2243F324800BF393B /* ChannelsRouter.swift */; };
		A6621EA9243F324800BF393B /* ChannelsDependency.swift in Sources */ = {isa = PBXBuildFile; fileRef = A6621EA3243F324800BF393B /* ChannelsDependency.swift */; };
		A6621EAA243F324800BF393B /* ChannelsViewController.swift in Sources */ = {isa = PBXBuildFile; fileRef = A6621EA4243F324800BF393B /* ChannelsViewController.swift */; };
		A6621EAB243F324800BF393B /* ChannelsInteractor.swift in Sources */ = {isa = PBXBuildFile; fileRef = A6621EA5243F324800BF393B /* ChannelsInteractor.swift */; };
		A6621EB0243F730A00BF393B /* String+Ext.swift in Sources */ = {isa = PBXBuildFile; fileRef = A6621EAC243F730A00BF393B /* String+Ext.swift */; };
		A6621EB1243F730A00BF393B /* UIView+Ext.swift in Sources */ = {isa = PBXBuildFile; fileRef = A6621EAD243F730A00BF393B /* UIView+Ext.swift */; };
		A6621EB3243F730A00BF393B /* UITableView+Ext.swift in Sources */ = {isa = PBXBuildFile; fileRef = A6621EAF243F730A00BF393B /* UITableView+Ext.swift */; };
		A6621EB5243F737400BF393B /* UIFont+Ext.swift in Sources */ = {isa = PBXBuildFile; fileRef = A6621EB4243F737400BF393B /* UIFont+Ext.swift */; };
		A6621EB7243F738000BF393B /* UIColor+Ext.swift in Sources */ = {isa = PBXBuildFile; fileRef = A6621EB6243F738000BF393B /* UIColor+Ext.swift */; };
		A6621EC22440212700BF393B /* CategoriesInterfaces.swift in Sources */ = {isa = PBXBuildFile; fileRef = A6621EBC2440212700BF393B /* CategoriesInterfaces.swift */; };
		A6621EC32440212700BF393B /* CategoriesPresenter.swift in Sources */ = {isa = PBXBuildFile; fileRef = A6621EBD2440212700BF393B /* CategoriesPresenter.swift */; };
		A6621EC42440212700BF393B /* CategoriesRouter.swift in Sources */ = {isa = PBXBuildFile; fileRef = A6621EBE2440212700BF393B /* CategoriesRouter.swift */; };
		A6621EC52440212700BF393B /* CategoriesDependency.swift in Sources */ = {isa = PBXBuildFile; fileRef = A6621EBF2440212700BF393B /* CategoriesDependency.swift */; };
		A6621EC62440212700BF393B /* CategoriesViewController.swift in Sources */ = {isa = PBXBuildFile; fileRef = A6621EC02440212700BF393B /* CategoriesViewController.swift */; };
		A6621EC72440212700BF393B /* CategoriesInteractor.swift in Sources */ = {isa = PBXBuildFile; fileRef = A6621EC12440212700BF393B /* CategoriesInteractor.swift */; };
		A6621ECB244023F500BF393B /* CourseCollectionCell.swift in Sources */ = {isa = PBXBuildFile; fileRef = A6621ECA244023F500BF393B /* CourseCollectionCell.swift */; };
		A6621ECD2440240E00BF393B /* ChannelSectionCell.swift in Sources */ = {isa = PBXBuildFile; fileRef = A6621ECC2440240E00BF393B /* ChannelSectionCell.swift */; };
		A6621ECF24402D6800BF393B /* CGFloat+Ext.swift in Sources */ = {isa = PBXBuildFile; fileRef = A6621ECE24402D6800BF393B /* CGFloat+Ext.swift */; };
		A6621ED12440309B00BF393B /* Constraints.swift in Sources */ = {isa = PBXBuildFile; fileRef = A6621ED02440309B00BF393B /* Constraints.swift */; };
		A6621ED4244031AC00BF393B /* CategoryCollectionCell.swift in Sources */ = {isa = PBXBuildFile; fileRef = A6621ED3244031AC00BF393B /* CategoryCollectionCell.swift */; };
		A6621EF124405BAA00BF393B /* CategorySectionCell.swift in Sources */ = {isa = PBXBuildFile; fileRef = A6621EF024405BAA00BF393B /* CategorySectionCell.swift */; };
		A6A0AAD72442FBB7006F92C5 /* UIImage+Ext.swift in Sources */ = {isa = PBXBuildFile; fileRef = A6A0AAD62442FBB7006F92C5 /* UIImage+Ext.swift */; };
		A6A0AAD924432F8C006F92C5 /* Dispatch+Ext.swift in Sources */ = {isa = PBXBuildFile; fileRef = A6A0AAD824432F8C006F92C5 /* Dispatch+Ext.swift */; };
		A6A0AADE2443594C006F92C5 /* SeriesCollectionCell.swift in Sources */ = {isa = PBXBuildFile; fileRef = A6A0AADD2443594C006F92C5 /* SeriesCollectionCell.swift */; };
		A6A0AAE024436492006F92C5 /* Int+Ext.swift in Sources */ = {isa = PBXBuildFile; fileRef = A6A0AADF24436492006F92C5 /* Int+Ext.swift */; };
		A6A0AAE224439C7E006F92C5 /* Collection+Ext.swift in Sources */ = {isa = PBXBuildFile; fileRef = A6A0AAE124439C7D006F92C5 /* Collection+Ext.swift */; };
		A6A0AAE524443A77006F92C5 /* newepisodes.json in Resources */ = {isa = PBXBuildFile; fileRef = A6A0AAE424443A77006F92C5 /* newepisodes.json */; };
		A6A0AAE724443A89006F92C5 /* listchannels.json in Resources */ = {isa = PBXBuildFile; fileRef = A6A0AAE624443A89006F92C5 /* listchannels.json */; };
		A6A0AAE924443A93006F92C5 /* categories.json in Resources */ = {isa = PBXBuildFile; fileRef = A6A0AAE824443A93006F92C5 /* categories.json */; };
		A6A0AAEF24443D3C006F92C5 /* CategoriesTests.swift in Sources */ = {isa = PBXBuildFile; fileRef = A6A0AAEE24443D3C006F92C5 /* CategoriesTests.swift */; };
		A6A0AAF224443D58006F92C5 /* TestsSuite.swift in Sources */ = {isa = PBXBuildFile; fileRef = A6A0AAF124443D58006F92C5 /* TestsSuite.swift */; };
		A6A0AAF424443DAF006F92C5 /* MockChannelsTests.swift in Sources */ = {isa = PBXBuildFile; fileRef = A6A0AAF324443DAF006F92C5 /* MockChannelsTests.swift */; };
		A6A0AAF624443DC2006F92C5 /* ChannelsTests.swift in Sources */ = {isa = PBXBuildFile; fileRef = A6A0AAF524443DC2006F92C5 /* ChannelsTests.swift */; };
		A6A0AAF824443FF0006F92C5 /* MockCategoriesTests.swift in Sources */ = {isa = PBXBuildFile; fileRef = A6A0AAF724443FF0006F92C5 /* MockCategoriesTests.swift */; };
		A6A0AAFA24444B18006F92C5 /* CollectionCellTests.swift in Sources */ = {isa = PBXBuildFile; fileRef = A6A0AAF924444B18006F92C5 /* CollectionCellTests.swift */; };
/* End PBXBuildFile section */

/* Begin PBXContainerItemProxy section */
		A6621E23243F02FD00BF393B /* PBXContainerItemProxy */ = {
			isa = PBXContainerItemProxy;
			containerPortal = A6621E04243F02F900BF393B /* Project object */;
			proxyType = 1;
			remoteGlobalIDString = A6621E0B243F02F900BF393B;
			remoteInfo = MindValley;
		};
/* End PBXContainerItemProxy section */

/* Begin PBXFileReference section */
		300EE61D912DF1FCE28D62D5 /* Pods_MindValley.framework */ = {isa = PBXFileReference; explicitFileType = wrapper.framework; includeInIndex = 0; path = Pods_MindValley.framework; sourceTree = BUILT_PRODUCTS_DIR; };
		3FFBA34EF84087FC707839E7 /* Pods_MindValleyTests.framework */ = {isa = PBXFileReference; explicitFileType = wrapper.framework; includeInIndex = 0; path = Pods_MindValleyTests.framework; sourceTree = BUILT_PRODUCTS_DIR; };
		59AD60FA87A83529E75AD5ED /* Pods-MindValley.debug.xcconfig */ = {isa = PBXFileReference; includeInIndex = 1; lastKnownFileType = text.xcconfig; name = "Pods-MindValley.debug.xcconfig"; path = "Target Support Files/Pods-MindValley/Pods-MindValley.debug.xcconfig"; sourceTree = "<group>"; };
		9488B668306EAE242781C1BE /* Pods-MindValleyTests.debug.xcconfig */ = {isa = PBXFileReference; includeInIndex = 1; lastKnownFileType = text.xcconfig; name = "Pods-MindValleyTests.debug.xcconfig"; path = "Target Support Files/Pods-MindValleyTests/Pods-MindValleyTests.debug.xcconfig"; sourceTree = "<group>"; };
		A6621E0C243F02F900BF393B /* MindValley.app */ = {isa = PBXFileReference; explicitFileType = wrapper.application; includeInIndex = 0; path = MindValley.app; sourceTree = BUILT_PRODUCTS_DIR; };
		A6621E0F243F02F900BF393B /* AppDelegate.swift */ = {isa = PBXFileReference; lastKnownFileType = sourcecode.swift; path = AppDelegate.swift; sourceTree = "<group>"; };
		A6621E1B243F02FD00BF393B /* Base */ = {isa = PBXFileReference; lastKnownFileType = file.storyboard; name = Base; path = Base.lproj/LaunchScreen.storyboard; sourceTree = "<group>"; };
		A6621E1D243F02FD00BF393B /* Info.plist */ = {isa = PBXFileReference; lastKnownFileType = text.plist.xml; path = Info.plist; sourceTree = "<group>"; };
		A6621E22243F02FD00BF393B /* MindValleyTests.xctest */ = {isa = PBXFileReference; explicitFileType = wrapper.cfbundle; includeInIndex = 0; path = MindValleyTests.xctest; sourceTree = BUILT_PRODUCTS_DIR; };
		A6621E26243F02FD00BF393B /* MindValleyTests.swift */ = {isa = PBXFileReference; lastKnownFileType = sourcecode.swift; path = MindValleyTests.swift; sourceTree = "<group>"; };
		A6621E28243F02FD00BF393B /* Info.plist */ = {isa = PBXFileReference; lastKnownFileType = text.plist.xml; path = Info.plist; sourceTree = "<group>"; };
		A6621E3A243F079F00BF393B /* Assets.xcassets */ = {isa = PBXFileReference; lastKnownFileType = folder.assetcatalog; path = Assets.xcassets; sourceTree = "<group>"; };
		A6621E3B243F079F00BF393B /* APIConfiguration.plist */ = {isa = PBXFileReference; fileEncoding = 4; lastKnownFileType = text.plist.xml; path = APIConfiguration.plist; sourceTree = "<group>"; };
		A6621E3F243F079F00BF393B /* NetworkClient.swift */ = {isa = PBXFileReference; fileEncoding = 4; lastKnownFileType = sourcecode.swift; path = NetworkClient.swift; sourceTree = "<group>"; };
		A6621E40243F079F00BF393B /* APIEndpoint.swift */ = {isa = PBXFileReference; fileEncoding = 4; lastKnownFileType = sourcecode.swift; path = APIEndpoint.swift; sourceTree = "<group>"; };
		A6621E43243F079F00BF393B /* NetworkError.swift */ = {isa = PBXFileReference; fileEncoding = 4; lastKnownFileType = sourcecode.swift; path = NetworkError.swift; sourceTree = "<group>"; };
		A6621E44243F079F00BF393B /* NetworkConfiguration.swift */ = {isa = PBXFileReference; fileEncoding = 4; lastKnownFileType = sourcecode.swift; path = NetworkConfiguration.swift; sourceTree = "<group>"; };
		A6621E46243F079F00BF393B /* UIViewController+Ext.swift */ = {isa = PBXFileReference; fileEncoding = 4; lastKnownFileType = sourcecode.swift; path = "UIViewController+Ext.swift"; sourceTree = "<group>"; };
		A6621E4D243F079F00BF393B /* PresenterInterface.swift */ = {isa = PBXFileReference; fileEncoding = 4; lastKnownFileType = sourcecode.swift; path = PresenterInterface.swift; sourceTree = "<group>"; };
		A6621E4F243F079F00BF393B /* BaseViewController.swift */ = {isa = PBXFileReference; fileEncoding = 4; lastKnownFileType = sourcecode.swift; path = BaseViewController.swift; sourceTree = "<group>"; };
		A6621E50243F079F00BF393B /* ViewInterface.swift */ = {isa = PBXFileReference; fileEncoding = 4; lastKnownFileType = sourcecode.swift; path = ViewInterface.swift; sourceTree = "<group>"; };
		A6621E51243F079F00BF393B /* NavigationController.swift */ = {isa = PBXFileReference; fileEncoding = 4; lastKnownFileType = sourcecode.swift; path = NavigationController.swift; sourceTree = "<group>"; };
		A6621E53243F079F00BF393B /* NavigationRouter.swift */ = {isa = PBXFileReference; fileEncoding = 4; lastKnownFileType = sourcecode.swift; path = NavigationRouter.swift; sourceTree = "<group>"; };
		A6621E54243F079F00BF393B /* RouterInterfaces.swift */ = {isa = PBXFileReference; fileEncoding = 4; lastKnownFileType = sourcecode.swift; path = RouterInterfaces.swift; sourceTree = "<group>"; };
		A6621E55243F079F00BF393B /* ViewRouter.swift */ = {isa = PBXFileReference; fileEncoding = 4; lastKnownFileType = sourcecode.swift; path = ViewRouter.swift; sourceTree = "<group>"; };
		A6621E57243F079F00BF393B /* Logger.swift */ = {isa = PBXFileReference; fileEncoding = 4; lastKnownFileType = sourcecode.swift; path = Logger.swift; sourceTree = "<group>"; };
		A6621E58243F079F00BF393B /* NameDescribable.swift */ = {isa = PBXFileReference; fileEncoding = 4; lastKnownFileType = sourcecode.swift; path = NameDescribable.swift; sourceTree = "<group>"; };
		A6621E80243F08AB00BF393B /* Reachablility.swift */ = {isa = PBXFileReference; lastKnownFileType = sourcecode.swift; path = Reachablility.swift; sourceTree = "<group>"; };
		A6621E86243F269D00BF393B /* Category.swift */ = {isa = PBXFileReference; lastKnownFileType = sourcecode.swift; path = Category.swift; sourceTree = "<group>"; };
		A6621E88243F274000BF393B /* Channel.swift */ = {isa = PBXFileReference; lastKnownFileType = sourcecode.swift; path = Channel.swift; sourceTree = "<group>"; };
		A6621E8A243F275000BF393B /* Media.swift */ = {isa = PBXFileReference; lastKnownFileType = sourcecode.swift; path = Media.swift; sourceTree = "<group>"; };
		A6621E8C243F2C0B00BF393B /* Asset.swift */ = {isa = PBXFileReference; lastKnownFileType = sourcecode.swift; path = Asset.swift; sourceTree = "<group>"; };
		A6621E8E243F2C7D00BF393B /* Series.swift */ = {isa = PBXFileReference; lastKnownFileType = sourcecode.swift; path = Series.swift; sourceTree = "<group>"; };
		A6621E92243F2F6500BF393B /* ChannelsAPI.swift */ = {isa = PBXFileReference; lastKnownFileType = sourcecode.swift; path = ChannelsAPI.swift; sourceTree = "<group>"; };
		A6621E95243F318900BF393B /* Roboto-Light.ttf */ = {isa = PBXFileReference; lastKnownFileType = file; path = "Roboto-Light.ttf"; sourceTree = "<group>"; };
		A6621E96243F318900BF393B /* Roboto-Black.ttf */ = {isa = PBXFileReference; lastKnownFileType = file; path = "Roboto-Black.ttf"; sourceTree = "<group>"; };
		A6621E97243F318900BF393B /* Roboto-Medium.ttf */ = {isa = PBXFileReference; lastKnownFileType = file; path = "Roboto-Medium.ttf"; sourceTree = "<group>"; };
		A6621E98243F318900BF393B /* Roboto-Regular.ttf */ = {isa = PBXFileReference; lastKnownFileType = file; path = "Roboto-Regular.ttf"; sourceTree = "<group>"; };
		A6621E99243F318900BF393B /* Roboto-Bold.ttf */ = {isa = PBXFileReference; lastKnownFileType = file; path = "Roboto-Bold.ttf"; sourceTree = "<group>"; };
		A6621EA0243F324800BF393B /* ChannelsInterfaces.swift */ = {isa = PBXFileReference; lastKnownFileType = sourcecode.swift; path = ChannelsInterfaces.swift; sourceTree = "<group>"; };
		A6621EA1243F324800BF393B /* ChannelsPresenter.swift */ = {isa = PBXFileReference; lastKnownFileType = sourcecode.swift; path = ChannelsPresenter.swift; sourceTree = "<group>"; };
		A6621EA2243F324800BF393B /* ChannelsRouter.swift */ = {isa = PBXFileReference; lastKnownFileType = sourcecode.swift; path = ChannelsRouter.swift; sourceTree = "<group>"; };
		A6621EA3243F324800BF393B /* ChannelsDependency.swift */ = {isa = PBXFileReference; lastKnownFileType = sourcecode.swift; path = ChannelsDependency.swift; sourceTree = "<group>"; };
		A6621EA4243F324800BF393B /* ChannelsViewController.swift */ = {isa = PBXFileReference; lastKnownFileType = sourcecode.swift; path = ChannelsViewController.swift; sourceTree = "<group>"; };
		A6621EA5243F324800BF393B /* ChannelsInteractor.swift */ = {isa = PBXFileReference; lastKnownFileType = sourcecode.swift; path = ChannelsInteractor.swift; sourceTree = "<group>"; };
		A6621EAC243F730A00BF393B /* String+Ext.swift */ = {isa = PBXFileReference; fileEncoding = 4; lastKnownFileType = sourcecode.swift; path = "String+Ext.swift"; sourceTree = "<group>"; };
		A6621EAD243F730A00BF393B /* UIView+Ext.swift */ = {isa = PBXFileReference; fileEncoding = 4; lastKnownFileType = sourcecode.swift; path = "UIView+Ext.swift"; sourceTree = "<group>"; };
		A6621EAF243F730A00BF393B /* UITableView+Ext.swift */ = {isa = PBXFileReference; fileEncoding = 4; lastKnownFileType = sourcecode.swift; path = "UITableView+Ext.swift"; sourceTree = "<group>"; };
		A6621EB4243F737400BF393B /* UIFont+Ext.swift */ = {isa = PBXFileReference; lastKnownFileType = sourcecode.swift; path = "UIFont+Ext.swift"; sourceTree = "<group>"; };
		A6621EB6243F738000BF393B /* UIColor+Ext.swift */ = {isa = PBXFileReference; lastKnownFileType = sourcecode.swift; path = "UIColor+Ext.swift"; sourceTree = "<group>"; };
		A6621EBC2440212700BF393B /* CategoriesInterfaces.swift */ = {isa = PBXFileReference; lastKnownFileType = sourcecode.swift; path = CategoriesInterfaces.swift; sourceTree = "<group>"; };
		A6621EBD2440212700BF393B /* CategoriesPresenter.swift */ = {isa = PBXFileReference; lastKnownFileType = sourcecode.swift; path = CategoriesPresenter.swift; sourceTree = "<group>"; };
		A6621EBE2440212700BF393B /* CategoriesRouter.swift */ = {isa = PBXFileReference; lastKnownFileType = sourcecode.swift; path = CategoriesRouter.swift; sourceTree = "<group>"; };
		A6621EBF2440212700BF393B /* CategoriesDependency.swift */ = {isa = PBXFileReference; lastKnownFileType = sourcecode.swift; path = CategoriesDependency.swift; sourceTree = "<group>"; };
		A6621EC02440212700BF393B /* CategoriesViewController.swift */ = {isa = PBXFileReference; lastKnownFileType = sourcecode.swift; path = CategoriesViewController.swift; sourceTree = "<group>"; };
		A6621EC12440212700BF393B /* CategoriesInteractor.swift */ = {isa = PBXFileReference; lastKnownFileType = sourcecode.swift; path = CategoriesInteractor.swift; sourceTree = "<group>"; };
		A6621ECA244023F500BF393B /* CourseCollectionCell.swift */ = {isa = PBXFileReference; lastKnownFileType = sourcecode.swift; path = CourseCollectionCell.swift; sourceTree = "<group>"; };
		A6621ECC2440240E00BF393B /* ChannelSectionCell.swift */ = {isa = PBXFileReference; lastKnownFileType = sourcecode.swift; path = ChannelSectionCell.swift; sourceTree = "<group>"; };
		A6621ECE24402D6800BF393B /* CGFloat+Ext.swift */ = {isa = PBXFileReference; lastKnownFileType = sourcecode.swift; path = "CGFloat+Ext.swift"; sourceTree = "<group>"; };
		A6621ED02440309B00BF393B /* Constraints.swift */ = {isa = PBXFileReference; lastKnownFileType = sourcecode.swift; path = Constraints.swift; sourceTree = "<group>"; };
		A6621ED3244031AC00BF393B /* CategoryCollectionCell.swift */ = {isa = PBXFileReference; lastKnownFileType = sourcecode.swift; path = CategoryCollectionCell.swift; sourceTree = "<group>"; };
		A6621EF024405BAA00BF393B /* CategorySectionCell.swift */ = {isa = PBXFileReference; lastKnownFileType = sourcecode.swift; path = CategorySectionCell.swift; sourceTree = "<group>"; };
		A6A0AAD62442FBB7006F92C5 /* UIImage+Ext.swift */ = {isa = PBXFileReference; lastKnownFileType = sourcecode.swift; path = "UIImage+Ext.swift"; sourceTree = "<group>"; };
		A6A0AAD824432F8C006F92C5 /* Dispatch+Ext.swift */ = {isa = PBXFileReference; lastKnownFileType = sourcecode.swift; path = "Dispatch+Ext.swift"; sourceTree = "<group>"; };
		A6A0AADD2443594C006F92C5 /* SeriesCollectionCell.swift */ = {isa = PBXFileReference; lastKnownFileType = sourcecode.swift; path = SeriesCollectionCell.swift; sourceTree = "<group>"; };
		A6A0AADF24436492006F92C5 /* Int+Ext.swift */ = {isa = PBXFileReference; lastKnownFileType = sourcecode.swift; path = "Int+Ext.swift"; sourceTree = "<group>"; };
		A6A0AAE124439C7D006F92C5 /* Collection+Ext.swift */ = {isa = PBXFileReference; lastKnownFileType = sourcecode.swift; path = "Collection+Ext.swift"; sourceTree = "<group>"; };
		A6A0AAE424443A77006F92C5 /* newepisodes.json */ = {isa = PBXFileReference; lastKnownFileType = text.json; path = newepisodes.json; sourceTree = "<group>"; };
		A6A0AAE624443A89006F92C5 /* listchannels.json */ = {isa = PBXFileReference; lastKnownFileType = text.json; path = listchannels.json; sourceTree = "<group>"; };
		A6A0AAE824443A93006F92C5 /* categories.json */ = {isa = PBXFileReference; lastKnownFileType = text.json; path = categories.json; sourceTree = "<group>"; };
		A6A0AAEE24443D3C006F92C5 /* CategoriesTests.swift */ = {isa = PBXFileReference; lastKnownFileType = sourcecode.swift; path = CategoriesTests.swift; sourceTree = "<group>"; };
		A6A0AAF124443D58006F92C5 /* TestsSuite.swift */ = {isa = PBXFileReference; lastKnownFileType = sourcecode.swift; path = TestsSuite.swift; sourceTree = "<group>"; };
		A6A0AAF324443DAF006F92C5 /* MockChannelsTests.swift */ = {isa = PBXFileReference; lastKnownFileType = sourcecode.swift; path = MockChannelsTests.swift; sourceTree = "<group>"; };
		A6A0AAF524443DC2006F92C5 /* ChannelsTests.swift */ = {isa = PBXFileReference; lastKnownFileType = sourcecode.swift; path = ChannelsTests.swift; sourceTree = "<group>"; };
		A6A0AAF724443FF0006F92C5 /* MockCategoriesTests.swift */ = {isa = PBXFileReference; lastKnownFileType = sourcecode.swift; path = MockCategoriesTests.swift; sourceTree = "<group>"; };
		A6A0AAF924444B18006F92C5 /* CollectionCellTests.swift */ = {isa = PBXFileReference; lastKnownFileType = sourcecode.swift; path = CollectionCellTests.swift; sourceTree = "<group>"; };
		DA2F9EAD867D3043B3143DEC /* Pods-MindValleyTests.release.xcconfig */ = {isa = PBXFileReference; includeInIndex = 1; lastKnownFileType = text.xcconfig; name = "Pods-MindValleyTests.release.xcconfig"; path = "Target Support Files/Pods-MindValleyTests/Pods-MindValleyTests.release.xcconfig"; sourceTree = "<group>"; };
		E63C1A33FD0730587789A6A5 /* Pods-MindValley.release.xcconfig */ = {isa = PBXFileReference; includeInIndex = 1; lastKnownFileType = text.xcconfig; name = "Pods-MindValley.release.xcconfig"; path = "Target Support Files/Pods-MindValley/Pods-MindValley.release.xcconfig"; sourceTree = "<group>"; };
/* End PBXFileReference section */

/* Begin PBXFrameworksBuildPhase section */
		A6621E09243F02F900BF393B /* Frameworks */ = {
			isa = PBXFrameworksBuildPhase;
			buildActionMask = 2147483647;
			files = (
				76AAA898063901C9FB053137 /* Pods_MindValley.framework in Frameworks */,
			);
			runOnlyForDeploymentPostprocessing = 0;
		};
		A6621E1F243F02FD00BF393B /* Frameworks */ = {
			isa = PBXFrameworksBuildPhase;
			buildActionMask = 2147483647;
			files = (
				1C00AB535041E55F182B02B3 /* Pods_MindValleyTests.framework in Frameworks */,
			);
			runOnlyForDeploymentPostprocessing = 0;
		};
/* End PBXFrameworksBuildPhase section */

/* Begin PBXGroup section */
		16AE4C52CE7394CC1A8B84A1 /* Frameworks */ = {
			isa = PBXGroup;
			children = (
				300EE61D912DF1FCE28D62D5 /* Pods_MindValley.framework */,
				3FFBA34EF84087FC707839E7 /* Pods_MindValleyTests.framework */,
			);
			name = Frameworks;
			sourceTree = "<group>";
		};
		A6621E03243F02F900BF393B = {
			isa = PBXGroup;
			children = (
				A6621E0E243F02F900BF393B /* MindValley */,
				A6621E25243F02FD00BF393B /* MindValleyTests */,
				A6621E0D243F02F900BF393B /* Products */,
				D4C65AD6E7967C141DF3BEB3 /* Pods */,
				16AE4C52CE7394CC1A8B84A1 /* Frameworks */,
			);
			sourceTree = "<group>";
		};
		A6621E0D243F02F900BF393B /* Products */ = {
			isa = PBXGroup;
			children = (
				A6621E0C243F02F900BF393B /* MindValley.app */,
				A6621E22243F02FD00BF393B /* MindValleyTests.xctest */,
			);
			name = Products;
			sourceTree = "<group>";
		};
		A6621E0E243F02F900BF393B /* MindValley */ = {
			isa = PBXGroup;
			children = (
				A6621E5E243F079F00BF393B /* APIs */,
				A6621E3C243F079F00BF393B /* Core */,
				A6621E5B243F079F00BF393B /* Models */,
				A6621E31243F079F00BF393B /* Modules */,
				A6621E39243F079F00BF393B /* Resources */,
				A6621E0F243F02F900BF393B /* AppDelegate.swift */,
				A6621E1A243F02FD00BF393B /* LaunchScreen.storyboard */,
				A6621E1D243F02FD00BF393B /* Info.plist */,
			);
			path = MindValley;
			sourceTree = "<group>";
		};
		A6621E25243F02FD00BF393B /* MindValleyTests */ = {
			isa = PBXGroup;
			children = (
				A6A0AAF024443D4B006F92C5 /* Helper */,
				A6A0AAED24443ABD006F92C5 /* Modules */,
				A6A0AAEC24443AB4006F92C5 /* NetworkingTests */,
				A6A0AAE324443A5A006F92C5 /* Resources */,
				A6621E26243F02FD00BF393B /* MindValleyTests.swift */,
				A6621E28243F02FD00BF393B /* Info.plist */,
			);
			path = MindValleyTests;
			sourceTree = "<group>";
		};
		A6621E31243F079F00BF393B /* Modules */ = {
			isa = PBXGroup;
			children = (
				A6621EBB2440211400BF393B /* Categories */,
				A6621E9F243F323000BF393B /* Channels */,
			);
			path = Modules;
			sourceTree = "<group>";
		};
		A6621E39243F079F00BF393B /* Resources */ = {
			isa = PBXGroup;
			children = (
				A6621E94243F318000BF393B /* Fonts */,
				A6621E3A243F079F00BF393B /* Assets.xcassets */,
				A6621E3B243F079F00BF393B /* APIConfiguration.plist */,
			);
			path = Resources;
			sourceTree = "<group>";
		};
		A6621E3C243F079F00BF393B /* Core */ = {
			isa = PBXGroup;
			children = (
				A6621E3D243F079F00BF393B /* Networking */,
				A6621E45243F079F00BF393B /* Extensions */,
				A6621E4B243F079F00BF393B /* VIPER */,
				A6621E56243F079F00BF393B /* Helper */,
			);
			path = Core;
			sourceTree = "<group>";
		};
		A6621E3D243F079F00BF393B /* Networking */ = {
			isa = PBXGroup;
			children = (
				A6621E3E243F079F00BF393B /* BaseNetworking */,
			);
			path = Networking;
			sourceTree = "<group>";
		};
		A6621E3E243F079F00BF393B /* BaseNetworking */ = {
			isa = PBXGroup;
			children = (
				A6621E3F243F079F00BF393B /* NetworkClient.swift */,
				A6621E40243F079F00BF393B /* APIEndpoint.swift */,
				A6621E43243F079F00BF393B /* NetworkError.swift */,
				A6621E44243F079F00BF393B /* NetworkConfiguration.swift */,
				A6621E80243F08AB00BF393B /* Reachablility.swift */,
			);
			path = BaseNetworking;
			sourceTree = "<group>";
		};
		A6621E45243F079F00BF393B /* Extensions */ = {
			isa = PBXGroup;
			children = (
				A6621EAC243F730A00BF393B /* String+Ext.swift */,
				A6621EAF243F730A00BF393B /* UITableView+Ext.swift */,
				A6621EAD243F730A00BF393B /* UIView+Ext.swift */,
				A6621E46243F079F00BF393B /* UIViewController+Ext.swift */,
				A6621EB4243F737400BF393B /* UIFont+Ext.swift */,
				A6621EB6243F738000BF393B /* UIColor+Ext.swift */,
				A6621ECE24402D6800BF393B /* CGFloat+Ext.swift */,
				A6A0AAD62442FBB7006F92C5 /* UIImage+Ext.swift */,
				A6A0AAD824432F8C006F92C5 /* Dispatch+Ext.swift */,
				A6A0AADF24436492006F92C5 /* Int+Ext.swift */,
				A6A0AAE124439C7D006F92C5 /* Collection+Ext.swift */,
			);
			path = Extensions;
			sourceTree = "<group>";
		};
		A6621E4B243F079F00BF393B /* VIPER */ = {
			isa = PBXGroup;
			children = (
				A6621E4C243F079F00BF393B /* Presenter */,
				A6621E4E243F079F00BF393B /* View */,
				A6621E52243F079F00BF393B /* Router */,
			);
			path = VIPER;
			sourceTree = "<group>";
		};
		A6621E4C243F079F00BF393B /* Presenter */ = {
			isa = PBXGroup;
			children = (
				A6621E4D243F079F00BF393B /* PresenterInterface.swift */,
			);
			path = Presenter;
			sourceTree = "<group>";
		};
		A6621E4E243F079F00BF393B /* View */ = {
			isa = PBXGroup;
			children = (
				A6621E4F243F079F00BF393B /* BaseViewController.swift */,
				A6621E50243F079F00BF393B /* ViewInterface.swift */,
				A6621E51243F079F00BF393B /* NavigationController.swift */,
			);
			path = View;
			sourceTree = "<group>";
		};
		A6621E52243F079F00BF393B /* Router */ = {
			isa = PBXGroup;
			children = (
				A6621E53243F079F00BF393B /* NavigationRouter.swift */,
				A6621E54243F079F00BF393B /* RouterInterfaces.swift */,
				A6621E55243F079F00BF393B /* ViewRouter.swift */,
			);
			path = Router;
			sourceTree = "<group>";
		};
		A6621E56243F079F00BF393B /* Helper */ = {
			isa = PBXGroup;
			children = (
				A6621E57243F079F00BF393B /* Logger.swift */,
				A6621E58243F079F00BF393B /* NameDescribable.swift */,
				A6621ED02440309B00BF393B /* Constraints.swift */,
			);
			path = Helper;
			sourceTree = "<group>";
		};
		A6621E5B243F079F00BF393B /* Models */ = {
			isa = PBXGroup;
			children = (
				A6621E86243F269D00BF393B /* Category.swift */,
				A6621E88243F274000BF393B /* Channel.swift */,
				A6621E8A243F275000BF393B /* Media.swift */,
				A6621E8C243F2C0B00BF393B /* Asset.swift */,
				A6621E8E243F2C7D00BF393B /* Series.swift */,
			);
			path = Models;
			sourceTree = "<group>";
		};
		A6621E5E243F079F00BF393B /* APIs */ = {
			isa = PBXGroup;
			children = (
				A6621E92243F2F6500BF393B /* ChannelsAPI.swift */,
			);
			path = APIs;
			sourceTree = "<group>";
		};
		A6621E94243F318000BF393B /* Fonts */ = {
			isa = PBXGroup;
			children = (
				A6621E96243F318900BF393B /* Roboto-Black.ttf */,
				A6621E99243F318900BF393B /* Roboto-Bold.ttf */,
				A6621E95243F318900BF393B /* Roboto-Light.ttf */,
				A6621E97243F318900BF393B /* Roboto-Medium.ttf */,
				A6621E98243F318900BF393B /* Roboto-Regular.ttf */,
			);
			path = Fonts;
			sourceTree = "<group>";
		};
		A6621E9F243F323000BF393B /* Channels */ = {
			isa = PBXGroup;
			children = (
				A6621EB82440208000BF393B /* Views */,
				A6621EA0243F324800BF393B /* ChannelsInterfaces.swift */,
				A6621EA1243F324800BF393B /* ChannelsPresenter.swift */,
				A6621EA2243F324800BF393B /* ChannelsRouter.swift */,
				A6621EA3243F324800BF393B /* ChannelsDependency.swift */,
				A6621EA4243F324800BF393B /* ChannelsViewController.swift */,
				A6621EA5243F324800BF393B /* ChannelsInteractor.swift */,
			);
			path = Channels;
			sourceTree = "<group>";
		};
		A6621EB82440208000BF393B /* Views */ = {
			isa = PBXGroup;
			children = (
				A6A0AADA2443590D006F92C5 /* CollectionCells */,
				A6621ECC2440240E00BF393B /* ChannelSectionCell.swift */,
				A6621EF024405BAA00BF393B /* CategorySectionCell.swift */,
			);
			path = Views;
			sourceTree = "<group>";
		};
		A6621EBB2440211400BF393B /* Categories */ = {
			isa = PBXGroup;
			children = (
				A6621ED22440319600BF393B /* Views */,
				A6621EBC2440212700BF393B /* CategoriesInterfaces.swift */,
				A6621EBD2440212700BF393B /* CategoriesPresenter.swift */,
				A6621EBE2440212700BF393B /* CategoriesRouter.swift */,
				A6621EBF2440212700BF393B /* CategoriesDependency.swift */,
				A6621EC02440212700BF393B /* CategoriesViewController.swift */,
				A6621EC12440212700BF393B /* CategoriesInteractor.swift */,
			);
			path = Categories;
			sourceTree = "<group>";
		};
		A6621ED22440319600BF393B /* Views */ = {
			isa = PBXGroup;
			children = (
				A6621ED3244031AC00BF393B /* CategoryCollectionCell.swift */,
			);
			path = Views;
			sourceTree = "<group>";
		};
		A6A0AADA2443590D006F92C5 /* CollectionCells */ = {
			isa = PBXGroup;
			children = (
				A6621ECA244023F500BF393B /* CourseCollectionCell.swift */,
				A6A0AADD2443594C006F92C5 /* SeriesCollectionCell.swift */,
			);
			path = CollectionCells;
			sourceTree = "<group>";
		};
		A6A0AAE324443A5A006F92C5 /* Resources */ = {
			isa = PBXGroup;
			children = (
				A6A0AAE424443A77006F92C5 /* newepisodes.json */,
				A6A0AAE624443A89006F92C5 /* listchannels.json */,
				A6A0AAE824443A93006F92C5 /* categories.json */,
			);
			path = Resources;
			sourceTree = "<group>";
		};
		A6A0AAEA24443A98006F92C5 /* CategoriesTests */ = {
			isa = PBXGroup;
			children = (
				A6A0AAEE24443D3C006F92C5 /* CategoriesTests.swift */,
				A6A0AAF724443FF0006F92C5 /* MockCategoriesTests.swift */,
			);
			path = CategoriesTests;
			sourceTree = "<group>";
		};
		A6A0AAEB24443AA1006F92C5 /* ChannelsTests */ = {
			isa = PBXGroup;
			children = (
				A6A0AAF324443DAF006F92C5 /* MockChannelsTests.swift */,
				A6A0AAF524443DC2006F92C5 /* ChannelsTests.swift */,
				A6A0AAF924444B18006F92C5 /* CollectionCellTests.swift */,
			);
			path = ChannelsTests;
			sourceTree = "<group>";
		};
		A6A0AAEC24443AB4006F92C5 /* NetworkingTests */ = {
			isa = PBXGroup;
			children = (
			);
			path = NetworkingTests;
			sourceTree = "<group>";
		};
		A6A0AAED24443ABD006F92C5 /* Modules */ = {
			isa = PBXGroup;
			children = (
				A6A0AAEB24443AA1006F92C5 /* ChannelsTests */,
				A6A0AAEA24443A98006F92C5 /* CategoriesTests */,
			);
			path = Modules;
			sourceTree = "<group>";
		};
		A6A0AAF024443D4B006F92C5 /* Helper */ = {
			isa = PBXGroup;
			children = (
				A6A0AAF124443D58006F92C5 /* TestsSuite.swift */,
			);
			path = Helper;
			sourceTree = "<group>";
		};
		D4C65AD6E7967C141DF3BEB3 /* Pods */ = {
			isa = PBXGroup;
			children = (
				59AD60FA87A83529E75AD5ED /* Pods-MindValley.debug.xcconfig */,
				E63C1A33FD0730587789A6A5 /* Pods-MindValley.release.xcconfig */,
				9488B668306EAE242781C1BE /* Pods-MindValleyTests.debug.xcconfig */,
				DA2F9EAD867D3043B3143DEC /* Pods-MindValleyTests.release.xcconfig */,
			);
			path = Pods;
			sourceTree = "<group>";
		};
/* End PBXGroup section */

/* Begin PBXNativeTarget section */
		A6621E0B243F02F900BF393B /* MindValley */ = {
			isa = PBXNativeTarget;
			buildConfigurationList = A6621E2B243F02FD00BF393B /* Build configuration list for PBXNativeTarget "MindValley" */;
			buildPhases = (
				619F396EB94ECE57CDEC8CB4 /* [CP] Check Pods Manifest.lock */,
				A6621E08243F02F900BF393B /* Sources */,
				A6621E09243F02F900BF393B /* Frameworks */,
				A6621E0A243F02F900BF393B /* Resources */,
				9FF1048C747CC9ACF3C58F7B /* [CP] Embed Pods Frameworks */,
			);
			buildRules = (
			);
			dependencies = (
			);
			name = MindValley;
			productName = MindValley;
			productReference = A6621E0C243F02F900BF393B /* MindValley.app */;
			productType = "com.apple.product-type.application";
		};
		A6621E21243F02FD00BF393B /* MindValleyTests */ = {
			isa = PBXNativeTarget;
			buildConfigurationList = A6621E2E243F02FD00BF393B /* Build configuration list for PBXNativeTarget "MindValleyTests" */;
			buildPhases = (
				94D284FD471E672126B4DDAB /* [CP] Check Pods Manifest.lock */,
				A6621E1E243F02FD00BF393B /* Sources */,
				A6621E1F243F02FD00BF393B /* Frameworks */,
				A6621E20243F02FD00BF393B /* Resources */,
			);
			buildRules = (
			);
			dependencies = (
				A6621E24243F02FD00BF393B /* PBXTargetDependency */,
			);
			name = MindValleyTests;
			productName = MindValleyTests;
			productReference = A6621E22243F02FD00BF393B /* MindValleyTests.xctest */;
			productType = "com.apple.product-type.bundle.unit-test";
		};
/* End PBXNativeTarget section */

/* Begin PBXProject section */
		A6621E04243F02F900BF393B /* Project object */ = {
			isa = PBXProject;
			attributes = {
				LastSwiftUpdateCheck = 1130;
				LastUpgradeCheck = 1130;
				ORGANIZATIONNAME = CanhTran;
				TargetAttributes = {
					A6621E0B243F02F900BF393B = {
						CreatedOnToolsVersion = 11.3;
					};
					A6621E21243F02FD00BF393B = {
						CreatedOnToolsVersion = 11.3;
						TestTargetID = A6621E0B243F02F900BF393B;
					};
				};
			};
			buildConfigurationList = A6621E07243F02F900BF393B /* Build configuration list for PBXProject "MindValley" */;
			compatibilityVersion = "Xcode 9.3";
			developmentRegion = en;
			hasScannedForEncodings = 0;
			knownRegions = (
				en,
				Base,
			);
			mainGroup = A6621E03243F02F900BF393B;
			productRefGroup = A6621E0D243F02F900BF393B /* Products */;
			projectDirPath = "";
			projectRoot = "";
			targets = (
				A6621E0B243F02F900BF393B /* MindValley */,
				A6621E21243F02FD00BF393B /* MindValleyTests */,
			);
		};
/* End PBXProject section */

/* Begin PBXResourcesBuildPhase section */
		A6621E0A243F02F900BF393B /* Resources */ = {
			isa = PBXResourcesBuildPhase;
			buildActionMask = 2147483647;
			files = (
				A6621E1C243F02FD00BF393B /* LaunchScreen.storyboard in Resources */,
				A6621E9D243F318900BF393B /* Roboto-Regular.ttf in Resources */,
				A6621E67243F079F00BF393B /* APIConfiguration.plist in Resources */,
				A6621E9C243F318900BF393B /* Roboto-Medium.ttf in Resources */,
				A6621E9B243F318900BF393B /* Roboto-Black.ttf in Resources */,
				A6621E9A243F318900BF393B /* Roboto-Light.ttf in Resources */,
				A6621E9E243F318900BF393B /* Roboto-Bold.ttf in Resources */,
				A6621E66243F079F00BF393B /* Assets.xcassets in Resources */,
			);
			runOnlyForDeploymentPostprocessing = 0;
		};
		A6621E20243F02FD00BF393B /* Resources */ = {
			isa = PBXResourcesBuildPhase;
			buildActionMask = 2147483647;
			files = (
				A6A0AAE524443A77006F92C5 /* newepisodes.json in Resources */,
				A6A0AAE924443A93006F92C5 /* categories.json in Resources */,
				A6A0AAE724443A89006F92C5 /* listchannels.json in Resources */,
			);
			runOnlyForDeploymentPostprocessing = 0;
		};
/* End PBXResourcesBuildPhase section */

/* Begin PBXShellScriptBuildPhase section */
		619F396EB94ECE57CDEC8CB4 /* [CP] Check Pods Manifest.lock */ = {
			isa = PBXShellScriptBuildPhase;
			buildActionMask = 2147483647;
			files = (
			);
			inputFileListPaths = (
			);
			inputPaths = (
				"${PODS_PODFILE_DIR_PATH}/Podfile.lock",
				"${PODS_ROOT}/Manifest.lock",
			);
			name = "[CP] Check Pods Manifest.lock";
			outputFileListPaths = (
			);
			outputPaths = (
				"$(DERIVED_FILE_DIR)/Pods-MindValley-checkManifestLockResult.txt",
			);
			runOnlyForDeploymentPostprocessing = 0;
			shellPath = /bin/sh;
			shellScript = "diff \"${PODS_PODFILE_DIR_PATH}/Podfile.lock\" \"${PODS_ROOT}/Manifest.lock\" > /dev/null\nif [ $? != 0 ] ; then\n    # print error to STDERR\n    echo \"error: The sandbox is not in sync with the Podfile.lock. Run 'pod install' or update your CocoaPods installation.\" >&2\n    exit 1\nfi\n# This output is used by Xcode 'outputs' to avoid re-running this script phase.\necho \"SUCCESS\" > \"${SCRIPT_OUTPUT_FILE_0}\"\n";
			showEnvVarsInLog = 0;
		};
		94D284FD471E672126B4DDAB /* [CP] Check Pods Manifest.lock */ = {
			isa = PBXShellScriptBuildPhase;
			buildActionMask = 2147483647;
			files = (
			);
			inputFileListPaths = (
			);
			inputPaths = (
				"${PODS_PODFILE_DIR_PATH}/Podfile.lock",
				"${PODS_ROOT}/Manifest.lock",
			);
			name = "[CP] Check Pods Manifest.lock";
			outputFileListPaths = (
			);
			outputPaths = (
				"$(DERIVED_FILE_DIR)/Pods-MindValleyTests-checkManifestLockResult.txt",
			);
			runOnlyForDeploymentPostprocessing = 0;
			shellPath = /bin/sh;
			shellScript = "diff \"${PODS_PODFILE_DIR_PATH}/Podfile.lock\" \"${PODS_ROOT}/Manifest.lock\" > /dev/null\nif [ $? != 0 ] ; then\n    # print error to STDERR\n    echo \"error: The sandbox is not in sync with the Podfile.lock. Run 'pod install' or update your CocoaPods installation.\" >&2\n    exit 1\nfi\n# This output is used by Xcode 'outputs' to avoid re-running this script phase.\necho \"SUCCESS\" > \"${SCRIPT_OUTPUT_FILE_0}\"\n";
			showEnvVarsInLog = 0;
		};
		9FF1048C747CC9ACF3C58F7B /* [CP] Embed Pods Frameworks */ = {
			isa = PBXShellScriptBuildPhase;
			buildActionMask = 2147483647;
			files = (
			);
			inputFileListPaths = (
				"${PODS_ROOT}/Target Support Files/Pods-MindValley/Pods-MindValley-frameworks-${CONFIGURATION}-input-files.xcfilelist",
			);
			name = "[CP] Embed Pods Frameworks";
			outputFileListPaths = (
				"${PODS_ROOT}/Target Support Files/Pods-MindValley/Pods-MindValley-frameworks-${CONFIGURATION}-output-files.xcfilelist",
			);
			runOnlyForDeploymentPostprocessing = 0;
			shellPath = /bin/sh;
			shellScript = "\"${PODS_ROOT}/Target Support Files/Pods-MindValley/Pods-MindValley-frameworks.sh\"\n";
			showEnvVarsInLog = 0;
		};
/* End PBXShellScriptBuildPhase section */

/* Begin PBXSourcesBuildPhase section */
		A6621E08243F02F900BF393B /* Sources */ = {
			isa = PBXSourcesBuildPhase;
			buildActionMask = 2147483647;
			files = (
				A6621E6C243F079F00BF393B /* NetworkConfiguration.swift in Sources */,
				A6621E6D243F079F00BF393B /* UIViewController+Ext.swift in Sources */,
				A6621EA6243F324800BF393B /* ChannelsInterfaces.swift in Sources */,
				A6621E72243F079F00BF393B /* BaseViewController.swift in Sources */,
				A6621E8D243F2C0B00BF393B /* Asset.swift in Sources */,
				A6621E10243F02F900BF393B /* AppDelegate.swift in Sources */,
				A6621E87243F269D00BF393B /* Category.swift in Sources */,
				A6621E71243F079F00BF393B /* PresenterInterface.swift in Sources */,
				A6A0AAE224439C7E006F92C5 /* Collection+Ext.swift in Sources */,
				A6A0AAD924432F8C006F92C5 /* Dispatch+Ext.swift in Sources */,
				A6621E73243F079F00BF393B /* ViewInterface.swift in Sources */,
				A6621EA8243F324800BF393B /* ChannelsRouter.swift in Sources */,
				A6621EAB243F324800BF393B /* ChannelsInteractor.swift in Sources */,
				A6621EB5243F737400BF393B /* UIFont+Ext.swift in Sources */,
				A6621E8B243F275000BF393B /* Media.swift in Sources */,
				A6621E79243F079F00BF393B /* NameDescribable.swift in Sources */,
				A6621EC22440212700BF393B /* CategoriesInterfaces.swift in Sources */,
				A6621EAA243F324800BF393B /* ChannelsViewController.swift in Sources */,
				A6621EA9243F324800BF393B /* ChannelsDependency.swift in Sources */,
				A6621E93243F2F6500BF393B /* ChannelsAPI.swift in Sources */,
				A6621ECD2440240E00BF393B /* ChannelSectionCell.swift in Sources */,
				A6621E68243F079F00BF393B /* NetworkClient.swift in Sources */,
				A6621E77243F079F00BF393B /* ViewRouter.swift in Sources */,
				A6621EA7243F324800BF393B /* ChannelsPresenter.swift in Sources */,
				A6621EC42440212700BF393B /* CategoriesRouter.swift in Sources */,
				A6621EC72440212700BF393B /* CategoriesInteractor.swift in Sources */,
				A6621E75243F079F00BF393B /* NavigationRouter.swift in Sources */,
				A6621ED4244031AC00BF393B /* CategoryCollectionCell.swift in Sources */,
				A6621EC62440212700BF393B /* CategoriesViewController.swift in Sources */,
				A6621EB1243F730A00BF393B /* UIView+Ext.swift in Sources */,
				A6621E89243F274000BF393B /* Channel.swift in Sources */,
				A6621EC52440212700BF393B /* CategoriesDependency.swift in Sources */,
				A6A0AADE2443594C006F92C5 /* SeriesCollectionCell.swift in Sources */,
				A6621EF124405BAA00BF393B /* CategorySectionCell.swift in Sources */,
				A6621E6B243F079F00BF393B /* NetworkError.swift in Sources */,
				A6A0AAE024436492006F92C5 /* Int+Ext.swift in Sources */,
				A6621ECF24402D6800BF393B /* CGFloat+Ext.swift in Sources */,
				A6621E78243F079F00BF393B /* Logger.swift in Sources */,
				A6621E74243F079F00BF393B /* NavigationController.swift in Sources */,
				A6621E76243F079F00BF393B /* RouterInterfaces.swift in Sources */,
				A6621E69243F079F00BF393B /* APIEndpoint.swift in Sources */,
				A6621ED12440309B00BF393B /* Constraints.swift in Sources */,
				A6621E8F243F2C7D00BF393B /* Series.swift in Sources */,
				A6621EB3243F730A00BF393B /* UITableView+Ext.swift in Sources */,
				A6621EB7243F738000BF393B /* UIColor+Ext.swift in Sources */,
				A6621ECB244023F500BF393B /* CourseCollectionCell.swift in Sources */,
				A6621EC32440212700BF393B /* CategoriesPresenter.swift in Sources */,
				A6621EB0243F730A00BF393B /* String+Ext.swift in Sources */,
				A6A0AAD72442FBB7006F92C5 /* UIImage+Ext.swift in Sources */,
				A6621E81243F08AB00BF393B /* Reachablility.swift in Sources */,
			);
			runOnlyForDeploymentPostprocessing = 0;
		};
		A6621E1E243F02FD00BF393B /* Sources */ = {
			isa = PBXSourcesBuildPhase;
			buildActionMask = 2147483647;
			files = (
				A6A0AAF624443DC2006F92C5 /* ChannelsTests.swift in Sources */,
				A6A0AAF824443FF0006F92C5 /* MockCategoriesTests.swift in Sources */,
				A6621E27243F02FD00BF393B /* MindValleyTests.swift in Sources */,
				A6A0AAF224443D58006F92C5 /* TestsSuite.swift in Sources */,
				A6A0AAFA24444B18006F92C5 /* CollectionCellTests.swift in Sources */,
				A6A0AAEF24443D3C006F92C5 /* CategoriesTests.swift in Sources */,
				A6A0AAF424443DAF006F92C5 /* MockChannelsTests.swift in Sources */,
			);
			runOnlyForDeploymentPostprocessing = 0;
		};
/* End PBXSourcesBuildPhase section */

/* Begin PBXTargetDependency section */
		A6621E24243F02FD00BF393B /* PBXTargetDependency */ = {
			isa = PBXTargetDependency;
			target = A6621E0B243F02F900BF393B /* MindValley */;
			targetProxy = A6621E23243F02FD00BF393B /* PBXContainerItemProxy */;
		};
/* End PBXTargetDependency section */

/* Begin PBXVariantGroup section */
		A6621E1A243F02FD00BF393B /* LaunchScreen.storyboard */ = {
			isa = PBXVariantGroup;
			children = (
				A6621E1B243F02FD00BF393B /* Base */,
			);
			name = LaunchScreen.storyboard;
			sourceTree = "<group>";
		};
/* End PBXVariantGroup section */

/* Begin XCBuildConfiguration section */
		A6621E29243F02FD00BF393B /* Debug */ = {
			isa = XCBuildConfiguration;
			buildSettings = {
				ALWAYS_SEARCH_USER_PATHS = NO;
				CLANG_ANALYZER_NONNULL = YES;
				CLANG_ANALYZER_NUMBER_OBJECT_CONVERSION = YES_AGGRESSIVE;
				CLANG_CXX_LANGUAGE_STANDARD = "gnu++14";
				CLANG_CXX_LIBRARY = "libc++";
				CLANG_ENABLE_MODULES = YES;
				CLANG_ENABLE_OBJC_ARC = YES;
				CLANG_ENABLE_OBJC_WEAK = YES;
				CLANG_WARN_BLOCK_CAPTURE_AUTORELEASING = YES;
				CLANG_WARN_BOOL_CONVERSION = YES;
				CLANG_WARN_COMMA = YES;
				CLANG_WARN_CONSTANT_CONVERSION = YES;
				CLANG_WARN_DEPRECATED_OBJC_IMPLEMENTATIONS = YES;
				CLANG_WARN_DIRECT_OBJC_ISA_USAGE = YES_ERROR;
				CLANG_WARN_DOCUMENTATION_COMMENTS = YES;
				CLANG_WARN_EMPTY_BODY = YES;
				CLANG_WARN_ENUM_CONVERSION = YES;
				CLANG_WARN_INFINITE_RECURSION = YES;
				CLANG_WARN_INT_CONVERSION = YES;
				CLANG_WARN_NON_LITERAL_NULL_CONVERSION = YES;
				CLANG_WARN_OBJC_IMPLICIT_RETAIN_SELF = YES;
				CLANG_WARN_OBJC_LITERAL_CONVERSION = YES;
				CLANG_WARN_OBJC_ROOT_CLASS = YES_ERROR;
				CLANG_WARN_RANGE_LOOP_ANALYSIS = YES;
				CLANG_WARN_STRICT_PROTOTYPES = YES;
				CLANG_WARN_SUSPICIOUS_MOVE = YES;
				CLANG_WARN_UNGUARDED_AVAILABILITY = YES_AGGRESSIVE;
				CLANG_WARN_UNREACHABLE_CODE = YES;
				CLANG_WARN__DUPLICATE_METHOD_MATCH = YES;
				COPY_PHASE_STRIP = NO;
				DEBUG_INFORMATION_FORMAT = dwarf;
				ENABLE_STRICT_OBJC_MSGSEND = YES;
				ENABLE_TESTABILITY = YES;
				GCC_C_LANGUAGE_STANDARD = gnu11;
				GCC_DYNAMIC_NO_PIC = NO;
				GCC_NO_COMMON_BLOCKS = YES;
				GCC_OPTIMIZATION_LEVEL = 0;
				GCC_PREPROCESSOR_DEFINITIONS = (
					"DEBUG=1",
					"$(inherited)",
				);
				GCC_WARN_64_TO_32_BIT_CONVERSION = YES;
				GCC_WARN_ABOUT_RETURN_TYPE = YES_ERROR;
				GCC_WARN_UNDECLARED_SELECTOR = YES;
				GCC_WARN_UNINITIALIZED_AUTOS = YES_AGGRESSIVE;
				GCC_WARN_UNUSED_FUNCTION = YES;
				GCC_WARN_UNUSED_VARIABLE = YES;
				IPHONEOS_DEPLOYMENT_TARGET = 13.2;
				MTL_ENABLE_DEBUG_INFO = INCLUDE_SOURCE;
				MTL_FAST_MATH = YES;
				ONLY_ACTIVE_ARCH = YES;
				SDKROOT = iphoneos;
				SWIFT_ACTIVE_COMPILATION_CONDITIONS = DEBUG;
				SWIFT_OPTIMIZATION_LEVEL = "-Onone";
			};
			name = Debug;
		};
		A6621E2A243F02FD00BF393B /* Release */ = {
			isa = XCBuildConfiguration;
			buildSettings = {
				ALWAYS_SEARCH_USER_PATHS = NO;
				CLANG_ANALYZER_NONNULL = YES;
				CLANG_ANALYZER_NUMBER_OBJECT_CONVERSION = YES_AGGRESSIVE;
				CLANG_CXX_LANGUAGE_STANDARD = "gnu++14";
				CLANG_CXX_LIBRARY = "libc++";
				CLANG_ENABLE_MODULES = YES;
				CLANG_ENABLE_OBJC_ARC = YES;
				CLANG_ENABLE_OBJC_WEAK = YES;
				CLANG_WARN_BLOCK_CAPTURE_AUTORELEASING = YES;
				CLANG_WARN_BOOL_CONVERSION = YES;
				CLANG_WARN_COMMA = YES;
				CLANG_WARN_CONSTANT_CONVERSION = YES;
				CLANG_WARN_DEPRECATED_OBJC_IMPLEMENTATIONS = YES;
				CLANG_WARN_DIRECT_OBJC_ISA_USAGE = YES_ERROR;
				CLANG_WARN_DOCUMENTATION_COMMENTS = YES;
				CLANG_WARN_EMPTY_BODY = YES;
				CLANG_WARN_ENUM_CONVERSION = YES;
				CLANG_WARN_INFINITE_RECURSION = YES;
				CLANG_WARN_INT_CONVERSION = YES;
				CLANG_WARN_NON_LITERAL_NULL_CONVERSION = YES;
				CLANG_WARN_OBJC_IMPLICIT_RETAIN_SELF = YES;
				CLANG_WARN_OBJC_LITERAL_CONVERSION = YES;
				CLANG_WARN_OBJC_ROOT_CLASS = YES_ERROR;
				CLANG_WARN_RANGE_LOOP_ANALYSIS = YES;
				CLANG_WARN_STRICT_PROTOTYPES = YES;
				CLANG_WARN_SUSPICIOUS_MOVE = YES;
				CLANG_WARN_UNGUARDED_AVAILABILITY = YES_AGGRESSIVE;
				CLANG_WARN_UNREACHABLE_CODE = YES;
				CLANG_WARN__DUPLICATE_METHOD_MATCH = YES;
				COPY_PHASE_STRIP = NO;
				DEBUG_INFORMATION_FORMAT = "dwarf-with-dsym";
				ENABLE_NS_ASSERTIONS = NO;
				ENABLE_STRICT_OBJC_MSGSEND = YES;
				GCC_C_LANGUAGE_STANDARD = gnu11;
				GCC_NO_COMMON_BLOCKS = YES;
				GCC_WARN_64_TO_32_BIT_CONVERSION = YES;
				GCC_WARN_ABOUT_RETURN_TYPE = YES_ERROR;
				GCC_WARN_UNDECLARED_SELECTOR = YES;
				GCC_WARN_UNINITIALIZED_AUTOS = YES_AGGRESSIVE;
				GCC_WARN_UNUSED_FUNCTION = YES;
				GCC_WARN_UNUSED_VARIABLE = YES;
				IPHONEOS_DEPLOYMENT_TARGET = 13.2;
				MTL_ENABLE_DEBUG_INFO = NO;
				MTL_FAST_MATH = YES;
				SDKROOT = iphoneos;
				SWIFT_COMPILATION_MODE = wholemodule;
				SWIFT_OPTIMIZATION_LEVEL = "-O";
				VALIDATE_PRODUCT = YES;
			};
			name = Release;
		};
		A6621E2C243F02FD00BF393B /* Debug */ = {
			isa = XCBuildConfiguration;
			baseConfigurationReference = 59AD60FA87A83529E75AD5ED /* Pods-MindValley.debug.xcconfig */;
			buildSettings = {
				ASSETCATALOG_COMPILER_APPICON_NAME = AppIcon;
				CODE_SIGN_STYLE = Automatic;
				DEVELOPMENT_TEAM = SN5CZK5H72;
				INFOPLIST_FILE = MindValley/Info.plist;
				IPHONEOS_DEPLOYMENT_TARGET = 13.0;
				LD_RUNPATH_SEARCH_PATHS = (
					"$(inherited)",
					"@executable_path/Frameworks",
				);
				PRODUCT_BUNDLE_IDENTIFIER = com.ios.mindvalley.MindValley;
				PRODUCT_NAME = "$(TARGET_NAME)";
				SWIFT_VERSION = 5.0;
				TARGETED_DEVICE_FAMILY = "1,2";
			};
			name = Debug;
		};
		A6621E2D243F02FD00BF393B /* Release */ = {
			isa = XCBuildConfiguration;
			baseConfigurationReference = E63C1A33FD0730587789A6A5 /* Pods-MindValley.release.xcconfig */;
			buildSettings = {
				ASSETCATALOG_COMPILER_APPICON_NAME = AppIcon;
				CODE_SIGN_STYLE = Automatic;
				DEVELOPMENT_TEAM = SN5CZK5H72;
				INFOPLIST_FILE = MindValley/Info.plist;
				IPHONEOS_DEPLOYMENT_TARGET = 13.0;
				LD_RUNPATH_SEARCH_PATHS = (
					"$(inherited)",
					"@executable_path/Frameworks",
				);
				PRODUCT_BUNDLE_IDENTIFIER = com.ios.mindvalley.MindValley;
				PRODUCT_NAME = "$(TARGET_NAME)";
				SWIFT_VERSION = 5.0;
				TARGETED_DEVICE_FAMILY = "1,2";
			};
			name = Release;
		};
		A6621E2F243F02FD00BF393B /* Debug */ = {
			isa = XCBuildConfiguration;
			baseConfigurationReference = 9488B668306EAE242781C1BE /* Pods-MindValleyTests.debug.xcconfig */;
			buildSettings = {
				ALWAYS_EMBED_SWIFT_STANDARD_LIBRARIES = YES;
				BUNDLE_LOADER = "$(TEST_HOST)";
				CODE_SIGN_STYLE = Automatic;
				DEVELOPMENT_TEAM = SN5CZK5H72;
				INFOPLIST_FILE = MindValleyTests/Info.plist;
				IPHONEOS_DEPLOYMENT_TARGET = 13.2;
				LD_RUNPATH_SEARCH_PATHS = (
					"$(inherited)",
					"@executable_path/Frameworks",
					"@loader_path/Frameworks",
				);
				PRODUCT_BUNDLE_IDENTIFIER = com.ios.mindvalley.MindValleyTests;
				PRODUCT_NAME = "$(TARGET_NAME)";
				SWIFT_VERSION = 5.0;
				TARGETED_DEVICE_FAMILY = "1,2";
				TEST_HOST = "$(BUILT_PRODUCTS_DIR)/MindValley.app/MindValley";
			};
			name = Debug;
		};
		A6621E30243F02FD00BF393B /* Release */ = {
			isa = XCBuildConfiguration;
			baseConfigurationReference = DA2F9EAD867D3043B3143DEC /* Pods-MindValleyTests.release.xcconfig */;
			buildSettings = {
				ALWAYS_EMBED_SWIFT_STANDARD_LIBRARIES = YES;
				BUNDLE_LOADER = "$(TEST_HOST)";
				CODE_SIGN_STYLE = Automatic;
				DEVELOPMENT_TEAM = SN5CZK5H72;
				INFOPLIST_FILE = MindValleyTests/Info.plist;
				IPHONEOS_DEPLOYMENT_TARGET = 13.2;
				LD_RUNPATH_SEARCH_PATHS = (
					"$(inherited)",
					"@executable_path/Frameworks",
					"@loader_path/Frameworks",
				);
				PRODUCT_BUNDLE_IDENTIFIER = com.ios.mindvalley.MindValleyTests;
				PRODUCT_NAME = "$(TARGET_NAME)";
				SWIFT_VERSION = 5.0;
				TARGETED_DEVICE_FAMILY = "1,2";
				TEST_HOST = "$(BUILT_PRODUCTS_DIR)/MindValley.app/MindValley";
			};
			name = Release;
		};
/* End XCBuildConfiguration section */

/* Begin XCConfigurationList section */
		A6621E07243F02F900BF393B /* Build configuration list for PBXProject "MindValley" */ = {
			isa = XCConfigurationList;
			buildConfigurations = (
				A6621E29243F02FD00BF393B /* Debug */,
				A6621E2A243F02FD00BF393B /* Release */,
			);
			defaultConfigurationIsVisible = 0;
			defaultConfigurationName = Release;
		};
		A6621E2B243F02FD00BF393B /* Build configuration list for PBXNativeTarget "MindValley" */ = {
			isa = XCConfigurationList;
			buildConfigurations = (
				A6621E2C243F02FD00BF393B /* Debug */,
				A6621E2D243F02FD00BF393B /* Release */,
			);
			defaultConfigurationIsVisible = 0;
			defaultConfigurationName = Release;
		};
		A6621E2E243F02FD00BF393B /* Build configuration list for PBXNativeTarget "MindValleyTests" */ = {
			isa = XCConfigurationList;
			buildConfigurations = (
				A6621E2F243F02FD00BF393B /* Debug */,
				A6621E30243F02FD00BF393B /* Release */,
			);
			defaultConfigurationIsVisible = 0;
			defaultConfigurationName = Release;
		};
/* End XCConfigurationList section */
	};
	rootObject = A6621E04243F02F900BF393B /* Project object */;
}
